{
  "name": "db4",
  "version": "1.0.0",
  "lockfileVersion": 2,
  "requires": true,
  "packages": {
    "": {
      "name": "db4",
      "version": "1.0.0",
      "license": "ISC",
      "dependencies": {
        "bootstrap": "^5.2.3"
      }
    },
    "node_modules/@popperjs/core": {
      "version": "2.11.6",
      "resolved": "https://npm.iranrepo.ir/api/npm/npm-all/@popperjs/core/-/core-2.11.6.tgz",
      "integrity": "sha1-zuIL1V5ooXIL2rNj7PDIId7UzUU=",
      "license": "MIT",
      "peer": true,
      "funding": {
        "type": "opencollective",
        "url": "https://opencollective.com/popperjs"
      }
    },
    "node_modules/bootstrap": {
      "version": "5.2.3",
      "resolved": "https://npm.iranrepo.ir/api/npm/npm-all/bootstrap/-/bootstrap-5.2.3.tgz",
      "integrity": "sha1-VHOfRBTeEhuXhcXaPIezf/AIMis=",
      "funding": [
        {
          "type": "github",
          "url": "https://github.com/sponsors/twbs"
        },
        {
          "type": "opencollective",
          "url": "https://opencollective.com/bootstrap"
        }
      ],
      "license": "MIT",
      "peerDependencies": {
        "@popperjs/core": "^2.11.6"
      }
    }
  },
  "dependencies": {
    "@popperjs/core": {
      "version": "2.11.6",
      "resolved": "https://npm.iranrepo.ir/api/npm/npm-all/@popperjs/core/-/core-2.11.6.tgz",
      "integrity": "sha1-zuIL1V5ooXIL2rNj7PDIId7UzUU=",
      "peer": true
    },
    "bootstrap": {
      "version": "5.2.3",
      "resolved": "https://npm.iranrepo.ir/api/npm/npm-all/bootstrap/-/bootstrap-5.2.3.tgz",
      "integrity": "sha1-VHOfRBTeEhuXhcXaPIezf/AIMis=",
      "requires": {}
    }
  }
}
